// !$*UTF8*$!
{
	archiveVersion = 1;
	classes = {
	};
	objectVersion = 48;
	objects = {

/* Begin PBXBuildFile section */
		120588F81F97101C00614ADF /* AppDelegate.swift in Sources */ = {isa = PBXBuildFile; fileRef = 120588F71F97101C00614ADF /* AppDelegate.swift */; };
		120588FA1F97101C00614ADF /* ViewController.swift in Sources */ = {isa = PBXBuildFile; fileRef = 120588F91F97101C00614ADF /* ViewController.swift */; };
		120588FD1F97101C00614ADF /* Main.storyboard in Resources */ = {isa = PBXBuildFile; fileRef = 120588FB1F97101C00614ADF /* Main.storyboard */; };
		120588FF1F97101C00614ADF /* Assets.xcassets in Resources */ = {isa = PBXBuildFile; fileRef = 120588FE1F97101C00614ADF /* Assets.xcassets */; };
		120589021F97101C00614ADF /* LaunchScreen.storyboard in Resources */ = {isa = PBXBuildFile; fileRef = 120589001F97101C00614ADF /* LaunchScreen.storyboard */; };
		126CA2061FA1738E0018E6C6 /* User.swift in Sources */ = {isa = PBXBuildFile; fileRef = 126CA2051FA1738E0018E6C6 /* User.swift */; };
		126CA2081FA173B40018E6C6 /* Item.swift in Sources */ = {isa = PBXBuildFile; fileRef = 126CA2071FA173B40018E6C6 /* Item.swift */; };
		126CA20C1FA173F00018E6C6 /* User-Item.swift in Sources */ = {isa = PBXBuildFile; fileRef = 126CA20B1FA173F00018E6C6 /* User-Item.swift */; };
		126CA20E1FA174E00018E6C6 /* GoogleService-Info.plist in Resources */ = {isa = PBXBuildFile; fileRef = 126CA20D1FA174E00018E6C6 /* GoogleService-Info.plist */; };
		126CA2101FA175D80018E6C6 /* UserViewController.swift in Sources */ = {isa = PBXBuildFile; fileRef = 126CA20F1FA175D80018E6C6 /* UserViewController.swift */; };
		126CA2121FA175E80018E6C6 /* ItemViewController.swift in Sources */ = {isa = PBXBuildFile; fileRef = 126CA2111FA175E80018E6C6 /* ItemViewController.swift */; };
		126CA2141FA175FA0018E6C6 /* UsersViewController.swift in Sources */ = {isa = PBXBuildFile; fileRef = 126CA2131FA175FA0018E6C6 /* UsersViewController.swift */; };
		126CA2161FA1795F0018E6C6 /* ItemsViewController.swift in Sources */ = {isa = PBXBuildFile; fileRef = 126CA2151FA1795F0018E6C6 /* ItemsViewController.swift */; };
		B1E16EE98581659AF31E21A6 /* Pods_SaladaSample.framework in Frameworks */ = {isa = PBXBuildFile; fileRef = B815E4DBA2E8750E6D0EA076 /* Pods_SaladaSample.framework */; };
/* End PBXBuildFile section */

/* Begin PBXFileReference section */
		120588F41F97101C00614ADF /* SaladaSample.app */ = {isa = PBXFileReference; explicitFileType = wrapper.application; includeInIndex = 0; path = SaladaSample.app; sourceTree = BUILT_PRODUCTS_DIR; };
		120588F71F97101C00614ADF /* AppDelegate.swift */ = {isa = PBXFileReference; lastKnownFileType = sourcecode.swift; path = AppDelegate.swift; sourceTree = "<group>"; };
		120588F91F97101C00614ADF /* ViewController.swift */ = {isa = PBXFileReference; lastKnownFileType = sourcecode.swift; path = ViewController.swift; sourceTree = "<group>"; };
		120588FC1F97101C00614ADF /* Base */ = {isa = PBXFileReference; lastKnownFileType = file.storyboard; name = Base; path = Base.lproj/Main.storyboard; sourceTree = "<group>"; };
		120588FE1F97101C00614ADF /* Assets.xcassets */ = {isa = PBXFileReference; lastKnownFileType = folder.assetcatalog; path = Assets.xcassets; sourceTree = "<group>"; };
		120589011F97101C00614ADF /* Base */ = {isa = PBXFileReference; lastKnownFileType = file.storyboard; name = Base; path = Base.lproj/LaunchScreen.storyboard; sourceTree = "<group>"; };
		120589031F97101C00614ADF /* Info.plist */ = {isa = PBXFileReference; lastKnownFileType = text.plist.xml; path = Info.plist; sourceTree = "<group>"; };
		126CA2051FA1738E0018E6C6 /* User.swift */ = {isa = PBXFileReference; lastKnownFileType = sourcecode.swift; path = User.swift; sourceTree = "<group>"; };
		126CA2071FA173B40018E6C6 /* Item.swift */ = {isa = PBXFileReference; lastKnownFileType = sourcecode.swift; path = Item.swift; sourceTree = "<group>"; };
		126CA20B1FA173F00018E6C6 /* User-Item.swift */ = {isa = PBXFileReference; lastKnownFileType = sourcecode.swift; path = "User-Item.swift"; sourceTree = "<group>"; };
		126CA20D1FA174E00018E6C6 /* GoogleService-Info.plist */ = {isa = PBXFileReference; fileEncoding = 4; lastKnownFileType = text.plist.xml; path = "GoogleService-Info.plist"; sourceTree = "<group>"; };
		126CA20F1FA175D80018E6C6 /* UserViewController.swift */ = {isa = PBXFileReference; lastKnownFileType = sourcecode.swift; path = UserViewController.swift; sourceTree = "<group>"; };
		126CA2111FA175E80018E6C6 /* ItemViewController.swift */ = {isa = PBXFileReference; lastKnownFileType = sourcecode.swift; path = ItemViewController.swift; sourceTree = "<group>"; };
		126CA2131FA175FA0018E6C6 /* UsersViewController.swift */ = {isa = PBXFileReference; lastKnownFileType = sourcecode.swift; path = UsersViewController.swift; sourceTree = "<group>"; };
		126CA2151FA1795F0018E6C6 /* ItemsViewController.swift */ = {isa = PBXFileReference; lastKnownFileType = sourcecode.swift; path = ItemsViewController.swift; sourceTree = "<group>"; };
		1A510F163782DADC49B95B35 /* Pods-SaladaSample.debug.xcconfig */ = {isa = PBXFileReference; includeInIndex = 1; lastKnownFileType = text.xcconfig; name = "Pods-SaladaSample.debug.xcconfig"; path = "Pods/Target Support Files/Pods-SaladaSample/Pods-SaladaSample.debug.xcconfig"; sourceTree = "<group>"; };
		B815E4DBA2E8750E6D0EA076 /* Pods_SaladaSample.framework */ = {isa = PBXFileReference; explicitFileType = wrapper.framework; includeInIndex = 0; path = Pods_SaladaSample.framework; sourceTree = BUILT_PRODUCTS_DIR; };
		DA5224EA7CD183A30434B94A /* Pods-SaladaSample.release.xcconfig */ = {isa = PBXFileReference; includeInIndex = 1; lastKnownFileType = text.xcconfig; name = "Pods-SaladaSample.release.xcconfig"; path = "Pods/Target Support Files/Pods-SaladaSample/Pods-SaladaSample.release.xcconfig"; sourceTree = "<group>"; };
/* End PBXFileReference section */

/* Begin PBXFrameworksBuildPhase section */
		120588F11F97101C00614ADF /* Frameworks */ = {
			isa = PBXFrameworksBuildPhase;
			buildActionMask = 2147483647;
			files = (
				B1E16EE98581659AF31E21A6 /* Pods_SaladaSample.framework in Frameworks */,
			);
			runOnlyForDeploymentPostprocessing = 0;
		};
/* End PBXFrameworksBuildPhase section */

/* Begin PBXGroup section */
		120588EB1F97101C00614ADF = {
			isa = PBXGroup;
			children = (
				120588F61F97101C00614ADF /* SaladaSample */,
				120588F51F97101C00614ADF /* Products */,
				AEF9F72EF45CA13B182C05EA /* Pods */,
				BE2E38BD5204193963F76D55 /* Frameworks */,
			);
			sourceTree = "<group>";
		};
		120588F51F97101C00614ADF /* Products */ = {
			isa = PBXGroup;
			children = (
				120588F41F97101C00614ADF /* SaladaSample.app */,
			);
			name = Products;
			sourceTree = "<group>";
		};
		120588F61F97101C00614ADF /* SaladaSample */ = {
			isa = PBXGroup;
			children = (
				120588F71F97101C00614ADF /* AppDelegate.swift */,
				120588F91F97101C00614ADF /* ViewController.swift */,
				126CA20F1FA175D80018E6C6 /* UserViewController.swift */,
				126CA2131FA175FA0018E6C6 /* UsersViewController.swift */,
				126CA2151FA1795F0018E6C6 /* ItemsViewController.swift */,
				126CA2111FA175E80018E6C6 /* ItemViewController.swift */,
				126CA2051FA1738E0018E6C6 /* User.swift */,
				126CA2071FA173B40018E6C6 /* Item.swift */,
				126CA20B1FA173F00018E6C6 /* User-Item.swift */,
				126CA20D1FA174E00018E6C6 /* GoogleService-Info.plist */,
				120588FB1F97101C00614ADF /* Main.storyboard */,
				120588FE1F97101C00614ADF /* Assets.xcassets */,
				120589001F97101C00614ADF /* LaunchScreen.storyboard */,
				120589031F97101C00614ADF /* Info.plist */,
			);
			path = SaladaSample;
			sourceTree = "<group>";
		};
		AEF9F72EF45CA13B182C05EA /* Pods */ = {
			isa = PBXGroup;
			children = (
				1A510F163782DADC49B95B35 /* Pods-SaladaSample.debug.xcconfig */,
				DA5224EA7CD183A30434B94A /* Pods-SaladaSample.release.xcconfig */,
			);
			name = Pods;
			sourceTree = "<group>";
		};
		BE2E38BD5204193963F76D55 /* Frameworks */ = {
			isa = PBXGroup;
			children = (
				B815E4DBA2E8750E6D0EA076 /* Pods_SaladaSample.framework */,
			);
			name = Frameworks;
			sourceTree = "<group>";
		};
/* End PBXGroup section */

/* Begin PBXNativeTarget section */
		120588F31F97101C00614ADF /* SaladaSample */ = {
			isa = PBXNativeTarget;
			buildConfigurationList = 120589061F97101C00614ADF /* Build configuration list for PBXNativeTarget "SaladaSample" */;
			buildPhases = (
				11D41B8094C78053C1DB873D /* [CP] Check Pods Manifest.lock */,
				120588F01F97101C00614ADF /* Sources */,
				120588F11F97101C00614ADF /* Frameworks */,
				120588F21F97101C00614ADF /* Resources */,
				AF01A709356F588BE7A08A47 /* [CP] Embed Pods Frameworks */,
				59A8517EAF9F6F9003ECE8DE /* [CP] Copy Pods Resources */,
			);
			buildRules = (
			);
			dependencies = (
			);
			name = SaladaSample;
			productName = SaladaSample;
			productReference = 120588F41F97101C00614ADF /* SaladaSample.app */;
			productType = "com.apple.product-type.application";
		};
/* End PBXNativeTarget section */

/* Begin PBXProject section */
		120588EC1F97101C00614ADF /* Project object */ = {
			isa = PBXProject;
			attributes = {
				LastSwiftUpdateCheck = 0910;
				LastUpgradeCheck = 0910;
				ORGANIZATIONNAME = 1amageek;
				TargetAttributes = {
					120588F31F97101C00614ADF = {
						CreatedOnToolsVersion = 9.1;
						ProvisioningStyle = Automatic;
					};
				};
			};
			buildConfigurationList = 120588EF1F97101C00614ADF /* Build configuration list for PBXProject "SaladaSample" */;
			compatibilityVersion = "Xcode 8.0";
			developmentRegion = en;
			hasScannedForEncodings = 0;
			knownRegions = (
				en,
				Base,
			);
			mainGroup = 120588EB1F97101C00614ADF;
			productRefGroup = 120588F51F97101C00614ADF /* Products */;
			projectDirPath = "";
			projectRoot = "";
			targets = (
				120588F31F97101C00614ADF /* SaladaSample */,
			);
		};
/* End PBXProject section */

/* Begin PBXResourcesBuildPhase section */
		120588F21F97101C00614ADF /* Resources */ = {
			isa = PBXResourcesBuildPhase;
			buildActionMask = 2147483647;
			files = (
				120589021F97101C00614ADF /* LaunchScreen.storyboard in Resources */,
				126CA20E1FA174E00018E6C6 /* GoogleService-Info.plist in Resources */,
				120588FF1F97101C00614ADF /* Assets.xcassets in Resources */,
				120588FD1F97101C00614ADF /* Main.storyboard in Resources */,
			);
			runOnlyForDeploymentPostprocessing = 0;
		};
/* End PBXResourcesBuildPhase section */

/* Begin PBXShellScriptBuildPhase section */
		11D41B8094C78053C1DB873D /* [CP] Check Pods Manifest.lock */ = {
			isa = PBXShellScriptBuildPhase;
			buildActionMask = 2147483647;
			files = (
			);
			inputPaths = (
				"${PODS_PODFILE_DIR_PATH}/Podfile.lock",
				"${PODS_ROOT}/Manifest.lock",
			);
			name = "[CP] Check Pods Manifest.lock";
			outputPaths = (
				"$(DERIVED_FILE_DIR)/Pods-SaladaSample-checkManifestLockResult.txt",
			);
			runOnlyForDeploymentPostprocessing = 0;
			shellPath = /bin/sh;
			shellScript = "diff \"${PODS_PODFILE_DIR_PATH}/Podfile.lock\" \"${PODS_ROOT}/Manifest.lock\" > /dev/null\nif [ $? != 0 ] ; then\n    # print error to STDERR\n    echo \"error: The sandbox is not in sync with the Podfile.lock. Run 'pod install' or update your CocoaPods installation.\" >&2\n    exit 1\nfi\n# This output is used by Xcode 'outputs' to avoid re-running this script phase.\necho \"SUCCESS\" > \"${SCRIPT_OUTPUT_FILE_0}\"\n";
			showEnvVarsInLog = 0;
		};
		59A8517EAF9F6F9003ECE8DE /* [CP] Copy Pods Resources */ = {
			isa = PBXShellScriptBuildPhase;
			buildActionMask = 2147483647;
			files = (
			);
			inputPaths = (
			);
			name = "[CP] Copy Pods Resources";
			outputPaths = (
			);
			runOnlyForDeploymentPostprocessing = 0;
			shellPath = /bin/sh;
			shellScript = "\"${SRCROOT}/Pods/Target Support Files/Pods-SaladaSample/Pods-SaladaSample-resources.sh\"\n";
			showEnvVarsInLog = 0;
		};
		AF01A709356F588BE7A08A47 /* [CP] Embed Pods Frameworks */ = {
			isa = PBXShellScriptBuildPhase;
			buildActionMask = 2147483647;
			files = (
			);
			inputPaths = (
				"${SRCROOT}/Pods/Target Support Files/Pods-SaladaSample/Pods-SaladaSample-frameworks.sh",
				"${BUILT_PRODUCTS_DIR}/GTMSessionFetcher/GTMSessionFetcher.framework",
				"${BUILT_PRODUCTS_DIR}/GoogleToolboxForMac/GoogleToolboxForMac.framework",
				"${BUILT_PRODUCTS_DIR}/leveldb-library/leveldb.framework",
				"${BUILT_PRODUCTS_DIR}/nanopb/nanopb.framework",
			);
			name = "[CP] Embed Pods Frameworks";
			outputPaths = (
				"${TARGET_BUILD_DIR}/${FRAMEWORKS_FOLDER_PATH}/GTMSessionFetcher.framework",
				"${TARGET_BUILD_DIR}/${FRAMEWORKS_FOLDER_PATH}/GoogleToolboxForMac.framework",
				"${TARGET_BUILD_DIR}/${FRAMEWORKS_FOLDER_PATH}/leveldb.framework",
				"${TARGET_BUILD_DIR}/${FRAMEWORKS_FOLDER_PATH}/nanopb.framework",
			);
			runOnlyForDeploymentPostprocessing = 0;
			shellPath = /bin/sh;
			shellScript = "\"${SRCROOT}/Pods/Target Support Files/Pods-SaladaSample/Pods-SaladaSample-frameworks.sh\"\n";
			showEnvVarsInLog = 0;
		};
/* End PBXShellScriptBuildPhase section */

/* Begin PBXSourcesBuildPhase section */
		120588F01F97101C00614ADF /* Sources */ = {
			isa = PBXSourcesBuildPhase;
			buildActionMask = 2147483647;
			files = (
				126CA2121FA175E80018E6C6 /* ItemViewController.swift in Sources */,
				126CA20C1FA173F00018E6C6 /* User-Item.swift in Sources */,
				126CA2101FA175D80018E6C6 /* UserViewController.swift in Sources */,
				126CA2081FA173B40018E6C6 /* Item.swift in Sources */,
				126CA2161FA1795F0018E6C6 /* ItemsViewController.swift in Sources */,
				120588FA1F97101C00614ADF /* ViewController.swift in Sources */,
				126CA2141FA175FA0018E6C6 /* UsersViewController.swift in Sources */,
				120588F81F97101C00614ADF /* AppDelegate.swift in Sources */,
				126CA2061FA1738E0018E6C6 /* User.swift in Sources */,
			);
			runOnlyForDeploymentPostprocessing = 0;
		};
/* End PBXSourcesBuildPhase section */

/* Begin PBXVariantGroup section */
		120588FB1F97101C00614ADF /* Main.storyboard */ = {
			isa = PBXVariantGroup;
			children = (
				120588FC1F97101C00614ADF /* Base */,
			);
			name = Main.storyboard;
			sourceTree = "<group>";
		};
		120589001F97101C00614ADF /* LaunchScreen.storyboard */ = {
			isa = PBXVariantGroup;
			children = (
				120589011F97101C00614ADF /* Base */,
			);
			name = LaunchScreen.storyboard;
			sourceTree = "<group>";
		};
/* End PBXVariantGroup section */

/* Begin XCBuildConfiguration section */
		120589041F97101C00614ADF /* Debug */ = {
			isa = XCBuildConfiguration;
			buildSettings = {
				ALWAYS_SEARCH_USER_PATHS = NO;
				CLANG_ANALYZER_NONNULL = YES;
				CLANG_ANALYZER_NUMBER_OBJECT_CONVERSION = YES_AGGRESSIVE;
				CLANG_CXX_LANGUAGE_STANDARD = "gnu++14";
				CLANG_CXX_LIBRARY = "libc++";
				CLANG_ENABLE_MODULES = YES;
				CLANG_ENABLE_OBJC_ARC = YES;
				CLANG_WARN_BLOCK_CAPTURE_AUTORELEASING = YES;
				CLANG_WARN_BOOL_CONVERSION = YES;
				CLANG_WARN_COMMA = YES;
				CLANG_WARN_CONSTANT_CONVERSION = YES;
				CLANG_WARN_DIRECT_OBJC_ISA_USAGE = YES_ERROR;
				CLANG_WARN_DOCUMENTATION_COMMENTS = YES;
				CLANG_WARN_EMPTY_BODY = YES;
				CLANG_WARN_ENUM_CONVERSION = YES;
				CLANG_WARN_INFINITE_RECURSION = YES;
				CLANG_WARN_INT_CONVERSION = YES;
				CLANG_WARN_NON_LITERAL_NULL_CONVERSION = YES;
				CLANG_WARN_OBJC_LITERAL_CONVERSION = YES;
				CLANG_WARN_OBJC_ROOT_CLASS = YES_ERROR;
				CLANG_WARN_RANGE_LOOP_ANALYSIS = YES;
				CLANG_WARN_STRICT_PROTOTYPES = YES;
				CLANG_WARN_SUSPICIOUS_MOVE = YES;
				CLANG_WARN_UNGUARDED_AVAILABILITY = YES_AGGRESSIVE;
				CLANG_WARN_UNREACHABLE_CODE = YES;
				CLANG_WARN__DUPLICATE_METHOD_MATCH = YES;
				CODE_SIGN_IDENTITY = "iPhone Developer";
				COPY_PHASE_STRIP = NO;
				DEBUG_INFORMATION_FORMAT = dwarf;
				ENABLE_STRICT_OBJC_MSGSEND = YES;
				ENABLE_TESTABILITY = YES;
				GCC_C_LANGUAGE_STANDARD = gnu11;
				GCC_DYNAMIC_NO_PIC = NO;
				GCC_NO_COMMON_BLOCKS = YES;
				GCC_OPTIMIZATION_LEVEL = 0;
				GCC_PREPROCESSOR_DEFINITIONS = (
					"DEBUG=1",
					"$(inherited)",
				);
				GCC_WARN_64_TO_32_BIT_CONVERSION = YES;
				GCC_WARN_ABOUT_RETURN_TYPE = YES_ERROR;
				GCC_WARN_UNDECLARED_SELECTOR = YES;
				GCC_WARN_UNINITIALIZED_AUTOS = YES_AGGRESSIVE;
				GCC_WARN_UNUSED_FUNCTION = YES;
				GCC_WARN_UNUSED_VARIABLE = YES;
				IPHONEOS_DEPLOYMENT_TARGET = 11.1;
				MTL_ENABLE_DEBUG_INFO = YES;
				ONLY_ACTIVE_ARCH = YES;
				SDKROOT = iphoneos;
				SWIFT_ACTIVE_COMPILATION_CONDITIONS = DEBUG;
				SWIFT_OPTIMIZATION_LEVEL = "-Onone";
			};
			name = Debug;
		};
		120589051F97101C00614ADF /* Release */ = {
			isa = XCBuildConfiguration;
			buildSettings = {
				ALWAYS_SEARCH_USER_PATHS = NO;
				CLANG_ANALYZER_NONNULL = YES;
				CLANG_ANALYZER_NUMBER_OBJECT_CONVERSION = YES_AGGRESSIVE;
				CLANG_CXX_LANGUAGE_STANDARD = "gnu++14";
				CLANG_CXX_LIBRARY = "libc++";
				CLANG_ENABLE_MODULES = YES;
				CLANG_ENABLE_OBJC_ARC = YES;
				CLANG_WARN_BLOCK_CAPTURE_AUTORELEASING = YES;
				CLANG_WARN_BOOL_CONVERSION = YES;
				CLANG_WARN_COMMA = YES;
				CLANG_WARN_CONSTANT_CONVERSION = YES;
				CLANG_WARN_DIRECT_OBJC_ISA_USAGE = YES_ERROR;
				CLANG_WARN_DOCUMENTATION_COMMENTS = YES;
				CLANG_WARN_EMPTY_BODY = YES;
				CLANG_WARN_ENUM_CONVERSION = YES;
				CLANG_WARN_INFINITE_RECURSION = YES;
				CLANG_WARN_INT_CONVERSION = YES;
				CLANG_WARN_NON_LITERAL_NULL_CONVERSION = YES;
				CLANG_WARN_OBJC_LITERAL_CONVERSION = YES;
				CLANG_WARN_OBJC_ROOT_CLASS = YES_ERROR;
				CLANG_WARN_RANGE_LOOP_ANALYSIS = YES;
				CLANG_WARN_STRICT_PROTOTYPES = YES;
				CLANG_WARN_SUSPICIOUS_MOVE = YES;
				CLANG_WARN_UNGUARDED_AVAILABILITY = YES_AGGRESSIVE;
				CLANG_WARN_UNREACHABLE_CODE = YES;
				CLANG_WARN__DUPLICATE_METHOD_MATCH = YES;
				CODE_SIGN_IDENTITY = "iPhone Developer";
				COPY_PHASE_STRIP = NO;
				DEBUG_INFORMATION_FORMAT = "dwarf-with-dsym";
				ENABLE_NS_ASSERTIONS = NO;
				ENABLE_STRICT_OBJC_MSGSEND = YES;
				GCC_C_LANGUAGE_STANDARD = gnu11;
				GCC_NO_COMMON_BLOCKS = YES;
				GCC_WARN_64_TO_32_BIT_CONVERSION = YES;
				GCC_WARN_ABOUT_RETURN_TYPE = YES_ERROR;
				GCC_WARN_UNDECLARED_SELECTOR = YES;
				GCC_WARN_UNINITIALIZED_AUTOS = YES_AGGRESSIVE;
				GCC_WARN_UNUSED_FUNCTION = YES;
				GCC_WARN_UNUSED_VARIABLE = YES;
				IPHONEOS_DEPLOYMENT_TARGET = 11.1;
				MTL_ENABLE_DEBUG_INFO = NO;
				SDKROOT = iphoneos;
				SWIFT_OPTIMIZATION_LEVEL = "-Owholemodule";
				VALIDATE_PRODUCT = YES;
			};
			name = Release;
		};
		120589071F97101C00614ADF /* Debug */ = {
			isa = XCBuildConfiguration;
			baseConfigurationReference = 1A510F163782DADC49B95B35 /* Pods-SaladaSample.debug.xcconfig */;
			buildSettings = {
				ASSETCATALOG_COMPILER_APPICON_NAME = AppIcon;
				CODE_SIGN_STYLE = Automatic;
				DEVELOPMENT_TEAM = 88ACA86N96;
				INFOPLIST_FILE = SaladaSample/Info.plist;
				LD_RUNPATH_SEARCH_PATHS = "$(inherited) @executable_path/Frameworks";
				PRODUCT_BUNDLE_IDENTIFIER = "Stamp-Inc.SaladaSample";
				PRODUCT_NAME = "$(TARGET_NAME)";
				SWIFT_VERSION = 4.0;
				TARGETED_DEVICE_FAMILY = "1,2";
			};
			name = Debug;
		};
		120589081F97101C00614ADF /* Release */ = {
			isa = XCBuildConfiguration;
			baseConfigurationReference = DA5224EA7CD183A30434B94A /* Pods-SaladaSample.release.xcconfig */;
			buildSettings = {
				ASSETCATALOG_COMPILER_APPICON_NAME = AppIcon;
				CODE_SIGN_STYLE = Automatic;
				DEVELOPMENT_TEAM = 88ACA86N96;
				INFOPLIST_FILE = SaladaSample/Info.plist;
				LD_RUNPATH_SEARCH_PATHS = "$(inherited) @executable_path/Frameworks";
				PRODUCT_BUNDLE_IDENTIFIER = "Stamp-Inc.SaladaSample";
				PRODUCT_NAME = "$(TARGET_NAME)";
				SWIFT_VERSION = 4.0;
				TARGETED_DEVICE_FAMILY = "1,2";
			};
			name = Release;
		};
/* End XCBuildConfiguration section */

/* Begin XCConfigurationList section */
		120588EF1F97101C00614ADF /* Build configuration list for PBXProject "SaladaSample" */ = {
			isa = XCConfigurationList;
			buildConfigurations = (
				120589041F97101C00614ADF /* Debug */,
				120589051F97101C00614ADF /* Release */,
			);
			defaultConfigurationIsVisible = 0;
			defaultConfigurationName = Release;
		};
		120589061F97101C00614ADF /* Build configuration list for PBXNativeTarget "SaladaSample" */ = {
			isa = XCConfigurationList;
			buildConfigurations = (
				120589071F97101C00614ADF /* Debug */,
				120589081F97101C00614ADF /* Release */,
			);
			defaultConfigurationIsVisible = 0;
			defaultConfigurationName = Release;
		};
/* End XCConfigurationList section */
	};
	rootObject = 120588EC1F97101C00614ADF /* Project object */;
}
